{
  "nodes": {
    "brew-src": {
      "flake": false,
      "locked": {
        "lastModified": 1718075954,
        "narHash": "sha256-4TeUhv5VLEufP+Z/NkKnUk4NUaf59cMsj6NvsVbE+8w=",
        "owner": "Homebrew",
        "repo": "brew",
        "rev": "3f08c75e7b950d4340dab462f3e7f77e8093fa2b",
        "type": "github"
      },
      "original": {
        "owner": "Homebrew",
        "ref": "4.3.5",
        "repo": "brew",
        "type": "github"
      }
    },
    "darwin": {
      "inputs": {
        "nixpkgs": [
          "nixpkgs"
        ]
      },
      "locked": {
        "lastModified": 1722924007,
        "narHash": "sha256-+CQDamNwqO33REJLft8c26NbUi2Td083hq6SvAm2xkU=",
        "owner": "LnL7",
        "repo": "nix-darwin",
        "rev": "91010a5613ffd7ee23ee9263213157a1c422b705",
        "type": "github"
      },
      "original": {
        "owner": "LnL7",
        "ref": "master",
        "repo": "nix-darwin",
        "type": "github"
      }
    },
    "fenix": {
      "inputs": {
        "nixpkgs": [
          "nixpkgs"
        ],
        "rust-analyzer-src": "rust-analyzer-src"
      },
      "locked": {
        "lastModified": 1723616992,
        "narHash": "sha256-jDHYfEECzFwZm4huz7AbPjlH3jJ4/2ns9PddtFA5XMY=",
        "owner": "nix-community",
        "repo": "fenix",
        "rev": "7bad6c7ff73b784a9c7de9147626c8d5d5072809",
        "type": "github"
      },
      "original": {
        "owner": "nix-community",
        "repo": "fenix",
        "type": "github"
      }
    },
    "flake-compat": {
      "flake": false,
      "locked": {
        "lastModified": 1696426674,
        "narHash": "sha256-kvjfFW7WAETZlt09AgDn1MrtKzP7t90Vf7vypd3OL1U=",
        "owner": "edolstra",
        "repo": "flake-compat",
        "rev": "0f9255e01c2351cc7d116c072cb317785dd33b33",
        "type": "github"
      },
      "original": {
        "owner": "edolstra",
        "repo": "flake-compat",
        "type": "github"
      }
    },
    "flake-utils": {
      "inputs": {
        "systems": "systems"
      },
      "locked": {
        "lastModified": 1710146030,
        "narHash": "sha256-SZ5L6eA7HJ/nmkzGG7/ISclqe6oZdOZTNoesiInkXPQ=",
        "owner": "numtide",
        "repo": "flake-utils",
        "rev": "b1d9ab70662946ef0850d488da1c9019f3a9752a",
        "type": "github"
      },
      "original": {
        "owner": "numtide",
        "repo": "flake-utils",
        "type": "github"
      }
    },
    "flake-utils_2": {
      "inputs": {
        "systems": "systems_2"
      },
      "locked": {
        "lastModified": 1705309234,
        "narHash": "sha256-uNRRNRKmJyCRC/8y1RqBkqWBLM034y4qN7EprSdmgyA=",
        "owner": "numtide",
        "repo": "flake-utils",
        "rev": "1ef2e671c3b0c19053962c07dbda38332dcebf26",
        "type": "github"
      },
      "original": {
        "owner": "numtide",
        "repo": "flake-utils",
        "type": "github"
      }
    },
    "home-manager": {
      "inputs": {
        "nixpkgs": [
          "nixpkgs"
        ]
      },
      "locked": {
        "lastModified": 1723399884,
        "narHash": "sha256-97wn0ihhGqfMb8WcUgzzkM/TuAxce2Gd20A8oiruju4=",
        "owner": "nix-community",
        "repo": "home-manager",
        "rev": "086f619dd991a4d355c07837448244029fc2d9ab",
        "type": "github"
      },
      "original": {
        "owner": "nix-community",
        "ref": "master",
        "repo": "home-manager",
        "type": "github"
      }
    },
    "homebrew-bundle": {
      "flake": false,
      "locked": {
        "lastModified": 1723503910,
        "narHash": "sha256-NAz4qECVNn1Q4Xg6thK9mjMhIGq6tuVBoTf83PukWaE=",
        "owner": "homebrew",
        "repo": "homebrew-bundle",
        "rev": "6908c482f46130d42065f0a528e749177c2f7418",
        "type": "github"
      },
      "original": {
        "owner": "homebrew",
        "repo": "homebrew-bundle",
        "type": "github"
      }
    },
    "homebrew-cask": {
      "flake": false,
      "locked": {
        "lastModified": 1723662644,
        "narHash": "sha256-bCEf1lYuyG6EmM4xDxOjGlduPKCFGcFILBZLaUvStkM=",
        "owner": "homebrew",
        "repo": "homebrew-cask",
        "rev": "e098248d2ee9cf29a642e9cb697081b8d60eef73",
        "type": "github"
      },
      "original": {
        "owner": "homebrew",
        "repo": "homebrew-cask",
        "type": "github"
      }
    },
    "homebrew-core": {
      "flake": false,
      "locked": {
        "lastModified": 1723655621,
        "narHash": "sha256-qaklwjKv0vQ+GsXBrifG0XzD4R18y9Ir1sqzcrDpD1w=",
        "owner": "homebrew",
        "repo": "homebrew-core",
        "rev": "a975cf07ce0e3ff325ef39e15085f7515daa87ab",
        "type": "github"
      },
      "original": {
        "owner": "homebrew",
        "repo": "homebrew-core",
        "type": "github"
      }
    },
    "nix-darwin": {
      "inputs": {
        "nixpkgs": "nixpkgs"
      },
      "locked": {
        "lastModified": 1716329735,
        "narHash": "sha256-ap51w+VqG21vuzyQ04WrhI2YbWHd3UGz0e7dc/QQmoA=",
        "owner": "LnL7",
        "repo": "nix-darwin",
        "rev": "eac4f25028c1975a939c8f8fba95c12f8a25e01c",
        "type": "github"
      },
      "original": {
        "owner": "LnL7",
        "repo": "nix-darwin",
        "type": "github"
      }
    },
    "nix-homebrew": {
      "inputs": {
        "brew-src": "brew-src",
        "flake-utils": "flake-utils",
        "nix-darwin": "nix-darwin",
        "nixpkgs": "nixpkgs_2"
      },
      "locked": {
        "lastModified": 1719720211,
        "narHash": "sha256-FNK5ZxmNC+V/wOuioc5HqkUy0ld4eW3NqcsZHLYg9HI=",
        "owner": "zhaofengli-wip",
        "repo": "nix-homebrew",
        "rev": "0afc51fd86693c73e4b60be8ed8c782c4c09b4cc",
        "type": "github"
      },
      "original": {
        "owner": "zhaofengli-wip",
        "repo": "nix-homebrew",
        "type": "github"
      }
    },
    "nixpkgs": {
      "locked": {
        "lastModified": 1687274257,
        "narHash": "sha256-TutzPriQcZ8FghDhEolnHcYU2oHIG5XWF+/SUBNnAOE=",
        "path": "/nix/store/22qgs3skscd9bmrxv9xv4q5d4wwm5ppx-source",
        "rev": "2c9ecd1f0400076a4d6b2193ad468ff0a7e7fdc5",
        "type": "path"
      },
      "original": {
        "id": "nixpkgs",
        "type": "indirect"
      }
    },
    "nixpkgs-master": {
      "locked": {
        "lastModified": 1723662559,
        "narHash": "sha256-xSaBXqtPUWoK/gxA/NAQ583JJEPK8TgfSm9HxvXFOEw=",
        "owner": "nixos",
        "repo": "nixpkgs",
        "rev": "32e86b62b6e8bbe2d6d7947d8c002256dfd2f5a8",
        "type": "github"
      },
      "original": {
        "owner": "nixos",
        "ref": "master",
        "repo": "nixpkgs",
        "type": "github"
      }
    },
    "nixpkgs_2": {
      "locked": {
        "lastModified": 1716330097,
        "narHash": "sha256-8BO3B7e3BiyIDsaKA0tY8O88rClYRTjvAp66y+VBUeU=",
        "owner": "NixOS",
        "repo": "nixpkgs",
        "rev": "5710852ba686cc1fd0d3b8e22b3117d43ba374c2",
        "type": "github"
      },
      "original": {
        "owner": "NixOS",
        "ref": "nixos-unstable",
        "repo": "nixpkgs",
        "type": "github"
      }
    },
    "nixpkgs_3": {
      "locked": {
        "lastModified": 1723362943,
        "narHash": "sha256-dFZRVSgmJkyM0bkPpaYRtG/kRMRTorUIDj8BxoOt1T4=",
        "owner": "nixos",
        "repo": "nixpkgs",
        "rev": "a58bc8ad779655e790115244571758e8de055e3d",
        "type": "github"
      },
      "original": {
        "owner": "nixos",
        "ref": "nixos-unstable",
        "repo": "nixpkgs",
        "type": "github"
      }
    },
    "nixpkgs_4": {
      "locked": {
        "lastModified": 1708161998,
        "narHash": "sha256-6KnemmUorCvlcAvGziFosAVkrlWZGIc6UNT9GUYr0jQ=",
        "owner": "NixOS",
        "repo": "nixpkgs",
        "rev": "84d981bae8b5e783b3b548de505b22880559515f",
        "type": "github"
      },
      "original": {
        "owner": "NixOS",
        "ref": "nixos-23.11",
        "repo": "nixpkgs",
        "type": "github"
      }
    },
    "root": {
      "inputs": {
        "darwin": "darwin",
        "fenix": "fenix",
        "home-manager": "home-manager",
        "homebrew-bundle": "homebrew-bundle",
        "homebrew-cask": "homebrew-cask",
        "homebrew-core": "homebrew-core",
        "nix-homebrew": "nix-homebrew",
        "nixpkgs": "nixpkgs_3",
        "nixpkgs-master": "nixpkgs-master",
        "zig": "zig"
      }
    },
    "rust-analyzer-src": {
      "flake": false,
      "locked": {
        "lastModified": 1723561310,
        "narHash": "sha256-a3KMMsIDvdo+ClLabh5wfJoa17YTSvy2wDLb8yZCXvc=",
        "owner": "rust-lang",
        "repo": "rust-analyzer",
        "rev": "78c2bdce860dbd996a8083224d01a96660dd6a15",
        "type": "github"
      },
      "original": {
        "owner": "rust-lang",
        "ref": "nightly",
        "repo": "rust-analyzer",
        "type": "github"
      }
    },
    "systems": {
      "locked": {
        "lastModified": 1681028828,
        "narHash": "sha256-Vy1rq5AaRuLzOxct8nz4T6wlgyUR7zLU309k9mBC768=",
        "owner": "nix-systems",
        "repo": "default",
        "rev": "da67096a3b9bf56a91d16901293e51ba5b49a27e",
        "type": "github"
      },
      "original": {
        "owner": "nix-systems",
        "repo": "default",
        "type": "github"
      }
    },
    "systems_2": {
      "locked": {
        "lastModified": 1681028828,
        "narHash": "sha256-Vy1rq5AaRuLzOxct8nz4T6wlgyUR7zLU309k9mBC768=",
        "owner": "nix-systems",
        "repo": "default",
        "rev": "da67096a3b9bf56a91d16901293e51ba5b49a27e",
        "type": "github"
      },
      "original": {
        "owner": "nix-systems",
        "repo": "default",
        "type": "github"
      }
    },
    "zig": {
      "inputs": {
        "flake-compat": "flake-compat",
        "flake-utils": "flake-utils_2",
        "nixpkgs": "nixpkgs_4"
      },
      "locked": {
        "lastModified": 1723291738,
        "narHash": "sha256-C3DobEyzw47Rvs9tRpe8XGrqGl4hLABu1wocjxczJ/U=",
        "path": "/nix/store/3i46p4x94ig1h6spd928vqxhkhfbhy3g-source",
        "rev": "d132903f2088ee03cf3561368a81cd3bd850f5ff",
        "type": "path"
      },
      "original": {
        "id": "zig",
        "type": "indirect"
      }
    }
  },
  "root": "root",
  "version": 7
}
